// !$*UTF8*$!
{
	archiveVersion = 1;
	classes = {
	};
	objectVersion = 56;
	objects = {

/* Begin PBXBuildFile section */
		1156AEC32BF49ADD00D21E1B /* ChickCheckApp.swift in Sources */ = {isa = PBXBuildFile; fileRef = 1156AEC22BF49ADD00D21E1B /* ChickCheckApp.swift */; };
		1156AEC72BF49ADE00D21E1B /* Assets.xcassets in Resources */ = {isa = PBXBuildFile; fileRef = 1156AEC62BF49ADE00D21E1B /* Assets.xcassets */; };
		1156AECA2BF49ADE00D21E1B /* Preview Assets.xcassets in Resources */ = {isa = PBXBuildFile; fileRef = 1156AEC92BF49ADE00D21E1B /* Preview Assets.xcassets */; };
		1156AED32BF49B6000D21E1B /* HomeView.swift in Sources */ = {isa = PBXBuildFile; fileRef = 1156AED22BF49B6000D21E1B /* HomeView.swift */; };
		1156AED82BF4A79600D21E1B /* AddButton.swift in Sources */ = {isa = PBXBuildFile; fileRef = 1156AED72BF4A79600D21E1B /* AddButton.swift */; };
		1156AEDA2BF4A7B500D21E1B /* EmptyInfoView.swift in Sources */ = {isa = PBXBuildFile; fileRef = 1156AED92BF4A7B500D21E1B /* EmptyInfoView.swift */; };
		1156AEDC2BF4B07300D21E1B /* RecordRowCell.swift in Sources */ = {isa = PBXBuildFile; fileRef = 1156AEDB2BF4B07300D21E1B /* RecordRowCell.swift */; };
		1156AEE12BF4C7AB00D21E1B /* StatisticsView.swift in Sources */ = {isa = PBXBuildFile; fileRef = 1156AEE02BF4C7AB00D21E1B /* StatisticsView.swift */; };
		1156AEE42BF4CF6600D21E1B /* DetailView.swift in Sources */ = {isa = PBXBuildFile; fileRef = 1156AEE32BF4CF6600D21E1B /* DetailView.swift */; };
		1156AEE62BF5521C00D21E1B /* StatisticsValueView.swift in Sources */ = {isa = PBXBuildFile; fileRef = 1156AEE52BF5521C00D21E1B /* StatisticsValueView.swift */; };
		1156AEE82BF552EF00D21E1B /* DateFormView.swift in Sources */ = {isa = PBXBuildFile; fileRef = 1156AEE72BF552EF00D21E1B /* DateFormView.swift */; };
		1156AEEA2BF5530900D21E1B /* EggsCountFormView.swift in Sources */ = {isa = PBXBuildFile; fileRef = 1156AEE92BF5530900D21E1B /* EggsCountFormView.swift */; };
		1156AEEF2BFCBD1D00D21E1B /* Localizable.xcstrings in Resources */ = {isa = PBXBuildFile; fileRef = 1156AEEE2BFCBD1D00D21E1B /* Localizable.xcstrings */; };
		11A929442C1303EC00C0E47E /* StatisticsViewModelTests.swift in Sources */ = {isa = PBXBuildFile; fileRef = 11A929432C1303EC00C0E47E /* StatisticsViewModelTests.swift */; };
		11A929462C13128A00C0E47E /* RecordStoreTests.swift in Sources */ = {isa = PBXBuildFile; fileRef = 11A929452C13128A00C0E47E /* RecordStoreTests.swift */; };
		11A9D89D2C06FCAB0082E8D6 /* DetailModel.swift in Sources */ = {isa = PBXBuildFile; fileRef = 11A9D89C2C06FCAB0082E8D6 /* DetailModel.swift */; };
		11A9D8A02C06FDE90082E8D6 /* DetailViewModel.swift in Sources */ = {isa = PBXBuildFile; fileRef = 11A9D89F2C06FDE90082E8D6 /* DetailViewModel.swift */; };
		11A9D8A22C075A540082E8D6 /* RecordStore.swift in Sources */ = {isa = PBXBuildFile; fileRef = 11A9D8A12C075A540082E8D6 /* RecordStore.swift */; };
		11A9D8A62C0D9A120082E8D6 /* StatisticsViewModel.swift in Sources */ = {isa = PBXBuildFile; fileRef = 11A9D8A52C0D9A120082E8D6 /* StatisticsViewModel.swift */; };
		11A9D8A82C0DB4C70082E8D6 /* HomeViewModel.swift in Sources */ = {isa = PBXBuildFile; fileRef = 11A9D8A72C0DB4C70082E8D6 /* HomeViewModel.swift */; };
		11A9D8AB2C0DB74F0082E8D6 /* ColorExtension.swift in Sources */ = {isa = PBXBuildFile; fileRef = 11A9D8AA2C0DB74F0082E8D6 /* ColorExtension.swift */; };
		11A9D8AD2C0DC0A00082E8D6 /* DateExtension.swift in Sources */ = {isa = PBXBuildFile; fileRef = 11A9D8AC2C0DC0A00082E8D6 /* DateExtension.swift */; };
		11A9D8AF2C0DC0B80082E8D6 /* StringExtension.swift in Sources */ = {isa = PBXBuildFile; fileRef = 11A9D8AE2C0DC0B80082E8D6 /* StringExtension.swift */; };
		11A9D8B12C0DFB670082E8D6 /* HomeContentView.swift in Sources */ = {isa = PBXBuildFile; fileRef = 11A9D8B02C0DFB670082E8D6 /* HomeContentView.swift */; };
/* End PBXBuildFile section */

/* Begin PBXContainerItemProxy section */
		11A9293E2C13039100C0E47E /* PBXContainerItemProxy */ = {
			isa = PBXContainerItemProxy;
			containerPortal = 1156AEB72BF49ADD00D21E1B /* Project object */;
			proxyType = 1;
			remoteGlobalIDString = 1156AEBE2BF49ADD00D21E1B;
			remoteInfo = ChickCheck;
		};
/* End PBXContainerItemProxy section */

/* Begin PBXFileReference section */
		1156AEBF2BF49ADD00D21E1B /* ChickCheck.app */ = {isa = PBXFileReference; explicitFileType = wrapper.application; includeInIndex = 0; path = ChickCheck.app; sourceTree = BUILT_PRODUCTS_DIR; };
		1156AEC22BF49ADD00D21E1B /* ChickCheckApp.swift */ = {isa = PBXFileReference; lastKnownFileType = sourcecode.swift; path = ChickCheckApp.swift; sourceTree = "<group>"; };
		1156AEC62BF49ADE00D21E1B /* Assets.xcassets */ = {isa = PBXFileReference; lastKnownFileType = folder.assetcatalog; path = Assets.xcassets; sourceTree = "<group>"; };
		1156AEC92BF49ADE00D21E1B /* Preview Assets.xcassets */ = {isa = PBXFileReference; lastKnownFileType = folder.assetcatalog; path = "Preview Assets.xcassets"; sourceTree = "<group>"; };
		1156AED22BF49B6000D21E1B /* HomeView.swift */ = {isa = PBXFileReference; lastKnownFileType = sourcecode.swift; path = HomeView.swift; sourceTree = "<group>"; };
		1156AED72BF4A79600D21E1B /* AddButton.swift */ = {isa = PBXFileReference; lastKnownFileType = sourcecode.swift; path = AddButton.swift; sourceTree = "<group>"; };
		1156AED92BF4A7B500D21E1B /* EmptyInfoView.swift */ = {isa = PBXFileReference; lastKnownFileType = sourcecode.swift; path = EmptyInfoView.swift; sourceTree = "<group>"; };
		1156AEDB2BF4B07300D21E1B /* RecordRowCell.swift */ = {isa = PBXFileReference; lastKnownFileType = sourcecode.swift; path = RecordRowCell.swift; sourceTree = "<group>"; };
		1156AEE02BF4C7AB00D21E1B /* StatisticsView.swift */ = {isa = PBXFileReference; lastKnownFileType = sourcecode.swift; path = StatisticsView.swift; sourceTree = "<group>"; };
		1156AEE32BF4CF6600D21E1B /* DetailView.swift */ = {isa = PBXFileReference; lastKnownFileType = sourcecode.swift; path = DetailView.swift; sourceTree = "<group>"; };
		1156AEE52BF5521C00D21E1B /* StatisticsValueView.swift */ = {isa = PBXFileReference; lastKnownFileType = sourcecode.swift; path = StatisticsValueView.swift; sourceTree = "<group>"; };
		1156AEE72BF552EF00D21E1B /* DateFormView.swift */ = {isa = PBXFileReference; lastKnownFileType = sourcecode.swift; path = DateFormView.swift; sourceTree = "<group>"; };
		1156AEE92BF5530900D21E1B /* EggsCountFormView.swift */ = {isa = PBXFileReference; lastKnownFileType = sourcecode.swift; path = EggsCountFormView.swift; sourceTree = "<group>"; };
		1156AEED2BFB2AED00D21E1B /* Info.plist */ = {isa = PBXFileReference; lastKnownFileType = text.plist; path = Info.plist; sourceTree = "<group>"; };
		1156AEEE2BFCBD1D00D21E1B /* Localizable.xcstrings */ = {isa = PBXFileReference; lastKnownFileType = text.json.xcstrings; path = Localizable.xcstrings; sourceTree = "<group>"; };
		11A9293A2C13039100C0E47E /* ChickCheckTests.xctest */ = {isa = PBXFileReference; explicitFileType = wrapper.cfbundle; includeInIndex = 0; path = ChickCheckTests.xctest; sourceTree = BUILT_PRODUCTS_DIR; };
		11A929432C1303EC00C0E47E /* StatisticsViewModelTests.swift */ = {isa = PBXFileReference; lastKnownFileType = sourcecode.swift; path = StatisticsViewModelTests.swift; sourceTree = "<group>"; };
		11A929452C13128A00C0E47E /* RecordStoreTests.swift */ = {isa = PBXFileReference; lastKnownFileType = sourcecode.swift; path = RecordStoreTests.swift; sourceTree = "<group>"; };
		11A9D89C2C06FCAB0082E8D6 /* DetailModel.swift */ = {isa = PBXFileReference; lastKnownFileType = sourcecode.swift; path = DetailModel.swift; sourceTree = "<group>"; };
		11A9D89F2C06FDE90082E8D6 /* DetailViewModel.swift */ = {isa = PBXFileReference; lastKnownFileType = sourcecode.swift; path = DetailViewModel.swift; sourceTree = "<group>"; };
		11A9D8A12C075A540082E8D6 /* RecordStore.swift */ = {isa = PBXFileReference; lastKnownFileType = sourcecode.swift; path = RecordStore.swift; sourceTree = "<group>"; };
		11A9D8A52C0D9A120082E8D6 /* StatisticsViewModel.swift */ = {isa = PBXFileReference; lastKnownFileType = sourcecode.swift; path = StatisticsViewModel.swift; sourceTree = "<group>"; };
		11A9D8A72C0DB4C70082E8D6 /* HomeViewModel.swift */ = {isa = PBXFileReference; lastKnownFileType = sourcecode.swift; path = HomeViewModel.swift; sourceTree = "<group>"; };
		11A9D8AA2C0DB74F0082E8D6 /* ColorExtension.swift */ = {isa = PBXFileReference; lastKnownFileType = sourcecode.swift; path = ColorExtension.swift; sourceTree = "<group>"; };
		11A9D8AC2C0DC0A00082E8D6 /* DateExtension.swift */ = {isa = PBXFileReference; lastKnownFileType = sourcecode.swift; path = DateExtension.swift; sourceTree = "<group>"; };
		11A9D8AE2C0DC0B80082E8D6 /* StringExtension.swift */ = {isa = PBXFileReference; lastKnownFileType = sourcecode.swift; path = StringExtension.swift; sourceTree = "<group>"; };
		11A9D8B02C0DFB670082E8D6 /* HomeContentView.swift */ = {isa = PBXFileReference; lastKnownFileType = sourcecode.swift; path = HomeContentView.swift; sourceTree = "<group>"; };
/* End PBXFileReference section */

/* Begin PBXFrameworksBuildPhase section */
		1156AEBC2BF49ADD00D21E1B /* Frameworks */ = {
			isa = PBXFrameworksBuildPhase;
			buildActionMask = 2147483647;
			files = (
			);
			runOnlyForDeploymentPostprocessing = 0;
		};
		11A929372C13039100C0E47E /* Frameworks */ = {
			isa = PBXFrameworksBuildPhase;
			buildActionMask = 2147483647;
			files = (
			);
			runOnlyForDeploymentPostprocessing = 0;
		};
/* End PBXFrameworksBuildPhase section */

/* Begin PBXGroup section */
		1156AEB62BF49ADD00D21E1B = {
			isa = PBXGroup;
			children = (
				1156AEC12BF49ADD00D21E1B /* ChickCheck */,
				11A9293B2C13039100C0E47E /* ChickCheckTests */,
				1156AEC02BF49ADD00D21E1B /* Products */,
			);
			sourceTree = "<group>";
		};
		1156AEC02BF49ADD00D21E1B /* Products */ = {
			isa = PBXGroup;
			children = (
				1156AEBF2BF49ADD00D21E1B /* ChickCheck.app */,
				11A9293A2C13039100C0E47E /* ChickCheckTests.xctest */,
			);
			name = Products;
			sourceTree = "<group>";
		};
		1156AEC12BF49ADD00D21E1B /* ChickCheck */ = {
			isa = PBXGroup;
			children = (
				1156AEED2BFB2AED00D21E1B /* Info.plist */,
				1156AEEB2BF5543600D21E1B /* App */,
				1156AED62BF4A6EE00D21E1B /* Views */,
				1156AED42BF4A6CA00D21E1B /* Screens */,
				11A9D89E2C06FD8A0082E8D6 /* Models */,
				11A9D8A92C0DB7370082E8D6 /* Extensions */,
				1156AEEC2BF5548700D21E1B /* Media */,
			);
			path = ChickCheck;
			sourceTree = "<group>";
		};
		1156AEC82BF49ADE00D21E1B /* Preview Content */ = {
			isa = PBXGroup;
			children = (
				1156AEC92BF49ADE00D21E1B /* Preview Assets.xcassets */,
			);
			path = "Preview Content";
			sourceTree = "<group>";
		};
		1156AED42BF4A6CA00D21E1B /* Screens */ = {
			isa = PBXGroup;
			children = (
				1156AEE22BF4CF5800D21E1B /* Detail */,
				1156AEDF2BF4C79D00D21E1B /* Statistics */,
				1156AED52BF4A6D100D21E1B /* Home */,
			);
			path = Screens;
			sourceTree = "<group>";
		};
		1156AED52BF4A6D100D21E1B /* Home */ = {
			isa = PBXGroup;
			children = (
				1156AED22BF49B6000D21E1B /* HomeView.swift */,
				11A9D8A72C0DB4C70082E8D6 /* HomeViewModel.swift */,
			);
			path = Home;
			sourceTree = "<group>";
		};
		1156AED62BF4A6EE00D21E1B /* Views */ = {
			isa = PBXGroup;
			children = (
				1156AED72BF4A79600D21E1B /* AddButton.swift */,
				1156AED92BF4A7B500D21E1B /* EmptyInfoView.swift */,
				1156AEDB2BF4B07300D21E1B /* RecordRowCell.swift */,
				1156AEE52BF5521C00D21E1B /* StatisticsValueView.swift */,
				1156AEE72BF552EF00D21E1B /* DateFormView.swift */,
				1156AEE92BF5530900D21E1B /* EggsCountFormView.swift */,
				11A9D8B02C0DFB670082E8D6 /* HomeContentView.swift */,
			);
			path = Views;
			sourceTree = "<group>";
		};
		1156AEDF2BF4C79D00D21E1B /* Statistics */ = {
			isa = PBXGroup;
			children = (
				1156AEE02BF4C7AB00D21E1B /* StatisticsView.swift */,
				11A9D8A52C0D9A120082E8D6 /* StatisticsViewModel.swift */,
			);
			path = Statistics;
			sourceTree = "<group>";
		};
		1156AEE22BF4CF5800D21E1B /* Detail */ = {
			isa = PBXGroup;
			children = (
				1156AEE32BF4CF6600D21E1B /* DetailView.swift */,
				11A9D89F2C06FDE90082E8D6 /* DetailViewModel.swift */,
			);
			path = Detail;
			sourceTree = "<group>";
		};
		1156AEEB2BF5543600D21E1B /* App */ = {
			isa = PBXGroup;
			children = (
				1156AEC22BF49ADD00D21E1B /* ChickCheckApp.swift */,
				1156AEEE2BFCBD1D00D21E1B /* Localizable.xcstrings */,
			);
			path = App;
			sourceTree = "<group>";
		};
		1156AEEC2BF5548700D21E1B /* Media */ = {
			isa = PBXGroup;
			children = (
				1156AEC62BF49ADE00D21E1B /* Assets.xcassets */,
				1156AEC82BF49ADE00D21E1B /* Preview Content */,
			);
			path = Media;
			sourceTree = "<group>";
		};
		11A9293B2C13039100C0E47E /* ChickCheckTests */ = {
			isa = PBXGroup;
			children = (
				11A929432C1303EC00C0E47E /* StatisticsViewModelTests.swift */,
				11A929452C13128A00C0E47E /* RecordStoreTests.swift */,
			);
			path = ChickCheckTests;
			sourceTree = "<group>";
		};
		11A9D89E2C06FD8A0082E8D6 /* Models */ = {
			isa = PBXGroup;
			children = (
				11A9D89C2C06FCAB0082E8D6 /* DetailModel.swift */,
				11A9D8A12C075A540082E8D6 /* RecordStore.swift */,
			);
			path = Models;
			sourceTree = "<group>";
		};
		11A9D8A92C0DB7370082E8D6 /* Extensions */ = {
			isa = PBXGroup;
			children = (
				11A9D8AA2C0DB74F0082E8D6 /* ColorExtension.swift */,
				11A9D8AC2C0DC0A00082E8D6 /* DateExtension.swift */,
				11A9D8AE2C0DC0B80082E8D6 /* StringExtension.swift */,
			);
			path = Extensions;
			sourceTree = "<group>";
		};
/* End PBXGroup section */

/* Begin PBXNativeTarget section */
		1156AEBE2BF49ADD00D21E1B /* ChickCheck */ = {
			isa = PBXNativeTarget;
			buildConfigurationList = 1156AECD2BF49ADE00D21E1B /* Build configuration list for PBXNativeTarget "ChickCheck" */;
			buildPhases = (
				1156AEBB2BF49ADD00D21E1B /* Sources */,
				1156AEBC2BF49ADD00D21E1B /* Frameworks */,
				1156AEBD2BF49ADD00D21E1B /* Resources */,
			);
			buildRules = (
			);
			dependencies = (
			);
			name = ChickCheck;
			productName = ChickCheck;
			productReference = 1156AEBF2BF49ADD00D21E1B /* ChickCheck.app */;
			productType = "com.apple.product-type.application";
		};
		11A929392C13039100C0E47E /* ChickCheckTests */ = {
			isa = PBXNativeTarget;
			buildConfigurationList = 11A929422C13039100C0E47E /* Build configuration list for PBXNativeTarget "ChickCheckTests" */;
			buildPhases = (
				11A929362C13039100C0E47E /* Sources */,
				11A929372C13039100C0E47E /* Frameworks */,
				11A929382C13039100C0E47E /* Resources */,
			);
			buildRules = (
			);
			dependencies = (
				11A9293F2C13039100C0E47E /* PBXTargetDependency */,
			);
			name = ChickCheckTests;
			productName = ChickCheckTests;
			productReference = 11A9293A2C13039100C0E47E /* ChickCheckTests.xctest */;
			productType = "com.apple.product-type.bundle.unit-test";
		};
/* End PBXNativeTarget section */

/* Begin PBXProject section */
		1156AEB72BF49ADD00D21E1B /* Project object */ = {
			isa = PBXProject;
			attributes = {
				BuildIndependentTargetsInParallel = 1;
				LastSwiftUpdateCheck = 1510;
				LastUpgradeCheck = 1510;
				TargetAttributes = {
					1156AEBE2BF49ADD00D21E1B = {
						CreatedOnToolsVersion = 15.1;
					};
					11A929392C13039100C0E47E = {
						CreatedOnToolsVersion = 15.1;
						TestTargetID = 1156AEBE2BF49ADD00D21E1B;
					};
				};
			};
			buildConfigurationList = 1156AEBA2BF49ADD00D21E1B /* Build configuration list for PBXProject "ChickCheck" */;
			compatibilityVersion = "Xcode 14.0";
			developmentRegion = en;
			hasScannedForEncodings = 0;
			knownRegions = (
				en,
				Base,
				cs,
			);
			mainGroup = 1156AEB62BF49ADD00D21E1B;
			productRefGroup = 1156AEC02BF49ADD00D21E1B /* Products */;
			projectDirPath = "";
			projectRoot = "";
			targets = (
				1156AEBE2BF49ADD00D21E1B /* ChickCheck */,
				11A929392C13039100C0E47E /* ChickCheckTests */,
			);
		};
/* End PBXProject section */

/* Begin PBXResourcesBuildPhase section */
		1156AEBD2BF49ADD00D21E1B /* Resources */ = {
			isa = PBXResourcesBuildPhase;
			buildActionMask = 2147483647;
			files = (
				1156AECA2BF49ADE00D21E1B /* Preview Assets.xcassets in Resources */,
				1156AEC72BF49ADE00D21E1B /* Assets.xcassets in Resources */,
				1156AEEF2BFCBD1D00D21E1B /* Localizable.xcstrings in Resources */,
			);
			runOnlyForDeploymentPostprocessing = 0;
		};
		11A929382C13039100C0E47E /* Resources */ = {
			isa = PBXResourcesBuildPhase;
			buildActionMask = 2147483647;
			files = (
			);
			runOnlyForDeploymentPostprocessing = 0;
		};
/* End PBXResourcesBuildPhase section */

/* Begin PBXSourcesBuildPhase section */
		1156AEBB2BF49ADD00D21E1B /* Sources */ = {
			isa = PBXSourcesBuildPhase;
			buildActionMask = 2147483647;
			files = (
				1156AEDC2BF4B07300D21E1B /* RecordRowCell.swift in Sources */,
				11A9D8B12C0DFB670082E8D6 /* HomeContentView.swift in Sources */,
				11A9D8AD2C0DC0A00082E8D6 /* DateExtension.swift in Sources */,
				1156AEE82BF552EF00D21E1B /* DateFormView.swift in Sources */,
				1156AEE12BF4C7AB00D21E1B /* StatisticsView.swift in Sources */,
				11A9D8A62C0D9A120082E8D6 /* StatisticsViewModel.swift in Sources */,
				1156AEDA2BF4A7B500D21E1B /* EmptyInfoView.swift in Sources */,
				1156AEEA2BF5530900D21E1B /* EggsCountFormView.swift in Sources */,
				1156AED82BF4A79600D21E1B /* AddButton.swift in Sources */,
				1156AED32BF49B6000D21E1B /* HomeView.swift in Sources */,
				11A9D8A02C06FDE90082E8D6 /* DetailViewModel.swift in Sources */,
				1156AEE42BF4CF6600D21E1B /* DetailView.swift in Sources */,
				11A9D8A22C075A540082E8D6 /* RecordStore.swift in Sources */,
				11A9D8AB2C0DB74F0082E8D6 /* ColorExtension.swift in Sources */,
				1156AEC32BF49ADD00D21E1B /* ChickCheckApp.swift in Sources */,
				11A9D8AF2C0DC0B80082E8D6 /* StringExtension.swift in Sources */,
				11A9D89D2C06FCAB0082E8D6 /* DetailModel.swift in Sources */,
				11A9D8A82C0DB4C70082E8D6 /* HomeViewModel.swift in Sources */,
				1156AEE62BF5521C00D21E1B /* StatisticsValueView.swift in Sources */,
			);
			runOnlyForDeploymentPostprocessing = 0;
		};
		11A929362C13039100C0E47E /* Sources */ = {
			isa = PBXSourcesBuildPhase;
			buildActionMask = 2147483647;
			files = (
				11A929462C13128A00C0E47E /* RecordStoreTests.swift in Sources */,
				11A929442C1303EC00C0E47E /* StatisticsViewModelTests.swift in Sources */,
			);
			runOnlyForDeploymentPostprocessing = 0;
		};
/* End PBXSourcesBuildPhase section */

/* Begin PBXTargetDependency section */
		11A9293F2C13039100C0E47E /* PBXTargetDependency */ = {
			isa = PBXTargetDependency;
			target = 1156AEBE2BF49ADD00D21E1B /* ChickCheck */;
			targetProxy = 11A9293E2C13039100C0E47E /* PBXContainerItemProxy */;
		};
/* End PBXTargetDependency section */

/* Begin XCBuildConfiguration section */
		1156AECB2BF49ADE00D21E1B /* Debug */ = {
			isa = XCBuildConfiguration;
			buildSettings = {
				ALWAYS_SEARCH_USER_PATHS = NO;
				ASSETCATALOG_COMPILER_GENERATE_SWIFT_ASSET_SYMBOL_EXTENSIONS = YES;
				CLANG_ANALYZER_NONNULL = YES;
				CLANG_ANALYZER_NUMBER_OBJECT_CONVERSION = YES_AGGRESSIVE;
				CLANG_CXX_LANGUAGE_STANDARD = "gnu++20";
				CLANG_ENABLE_MODULES = YES;
				CLANG_ENABLE_OBJC_ARC = YES;
				CLANG_ENABLE_OBJC_WEAK = YES;
				CLANG_WARN_BLOCK_CAPTURE_AUTORELEASING = YES;
				CLANG_WARN_BOOL_CONVERSION = YES;
				CLANG_WARN_COMMA = YES;
				CLANG_WARN_CONSTANT_CONVERSION = YES;
				CLANG_WARN_DEPRECATED_OBJC_IMPLEMENTATIONS = YES;
				CLANG_WARN_DIRECT_OBJC_ISA_USAGE = YES_ERROR;
				CLANG_WARN_DOCUMENTATION_COMMENTS = YES;
				CLANG_WARN_EMPTY_BODY = YES;
				CLANG_WARN_ENUM_CONVERSION = YES;
				CLANG_WARN_INFINITE_RECURSION = YES;
				CLANG_WARN_INT_CONVERSION = YES;
				CLANG_WARN_NON_LITERAL_NULL_CONVERSION = YES;
				CLANG_WARN_OBJC_IMPLICIT_RETAIN_SELF = YES;
				CLANG_WARN_OBJC_LITERAL_CONVERSION = YES;
				CLANG_WARN_OBJC_ROOT_CLASS = YES_ERROR;
				CLANG_WARN_QUOTED_INCLUDE_IN_FRAMEWORK_HEADER = YES;
				CLANG_WARN_RANGE_LOOP_ANALYSIS = YES;
				CLANG_WARN_STRICT_PROTOTYPES = YES;
				CLANG_WARN_SUSPICIOUS_MOVE = YES;
				CLANG_WARN_UNGUARDED_AVAILABILITY = YES_AGGRESSIVE;
				CLANG_WARN_UNREACHABLE_CODE = YES;
				CLANG_WARN__DUPLICATE_METHOD_MATCH = YES;
				COPY_PHASE_STRIP = NO;
				DEBUG_INFORMATION_FORMAT = dwarf;
				ENABLE_STRICT_OBJC_MSGSEND = YES;
				ENABLE_TESTABILITY = YES;
				ENABLE_USER_SCRIPT_SANDBOXING = YES;
				GCC_C_LANGUAGE_STANDARD = gnu17;
				GCC_DYNAMIC_NO_PIC = NO;
				GCC_NO_COMMON_BLOCKS = YES;
				GCC_OPTIMIZATION_LEVEL = 0;
				GCC_PREPROCESSOR_DEFINITIONS = (
					"DEBUG=1",
					"$(inherited)",
				);
				GCC_WARN_64_TO_32_BIT_CONVERSION = YES;
				GCC_WARN_ABOUT_RETURN_TYPE = YES_ERROR;
				GCC_WARN_UNDECLARED_SELECTOR = YES;
				GCC_WARN_UNINITIALIZED_AUTOS = YES_AGGRESSIVE;
				GCC_WARN_UNUSED_FUNCTION = YES;
				GCC_WARN_UNUSED_VARIABLE = YES;
				IPHONEOS_DEPLOYMENT_TARGET = 17.2;
				LOCALIZATION_PREFERS_STRING_CATALOGS = YES;
				MTL_ENABLE_DEBUG_INFO = INCLUDE_SOURCE;
				MTL_FAST_MATH = YES;
				ONLY_ACTIVE_ARCH = YES;
				SDKROOT = iphoneos;
				SWIFT_ACTIVE_COMPILATION_CONDITIONS = "DEBUG $(inherited)";
				SWIFT_OPTIMIZATION_LEVEL = "-Onone";
			};
			name = Debug;
		};
		1156AECC2BF49ADE00D21E1B /* Release */ = {
			isa = XCBuildConfiguration;
			buildSettings = {
				ALWAYS_SEARCH_USER_PATHS = NO;
				ASSETCATALOG_COMPILER_GENERATE_SWIFT_ASSET_SYMBOL_EXTENSIONS = YES;
				CLANG_ANALYZER_NONNULL = YES;
				CLANG_ANALYZER_NUMBER_OBJECT_CONVERSION = YES_AGGRESSIVE;
				CLANG_CXX_LANGUAGE_STANDARD = "gnu++20";
				CLANG_ENABLE_MODULES = YES;
				CLANG_ENABLE_OBJC_ARC = YES;
				CLANG_ENABLE_OBJC_WEAK = YES;
				CLANG_WARN_BLOCK_CAPTURE_AUTORELEASING = YES;
				CLANG_WARN_BOOL_CONVERSION = YES;
				CLANG_WARN_COMMA = YES;
				CLANG_WARN_CONSTANT_CONVERSION = YES;
				CLANG_WARN_DEPRECATED_OBJC_IMPLEMENTATIONS = YES;
				CLANG_WARN_DIRECT_OBJC_ISA_USAGE = YES_ERROR;
				CLANG_WARN_DOCUMENTATION_COMMENTS = YES;
				CLANG_WARN_EMPTY_BODY = YES;
				CLANG_WARN_ENUM_CONVERSION = YES;
				CLANG_WARN_INFINITE_RECURSION = YES;
				CLANG_WARN_INT_CONVERSION = YES;
				CLANG_WARN_NON_LITERAL_NULL_CONVERSION = YES;
				CLANG_WARN_OBJC_IMPLICIT_RETAIN_SELF = YES;
				CLANG_WARN_OBJC_LITERAL_CONVERSION = YES;
				CLANG_WARN_OBJC_ROOT_CLASS = YES_ERROR;
				CLANG_WARN_QUOTED_INCLUDE_IN_FRAMEWORK_HEADER = YES;
				CLANG_WARN_RANGE_LOOP_ANALYSIS = YES;
				CLANG_WARN_STRICT_PROTOTYPES = YES;
				CLANG_WARN_SUSPICIOUS_MOVE = YES;
				CLANG_WARN_UNGUARDED_AVAILABILITY = YES_AGGRESSIVE;
				CLANG_WARN_UNREACHABLE_CODE = YES;
				CLANG_WARN__DUPLICATE_METHOD_MATCH = YES;
				COPY_PHASE_STRIP = NO;
				DEBUG_INFORMATION_FORMAT = "dwarf-with-dsym";
				ENABLE_NS_ASSERTIONS = NO;
				ENABLE_STRICT_OBJC_MSGSEND = YES;
				ENABLE_USER_SCRIPT_SANDBOXING = YES;
				GCC_C_LANGUAGE_STANDARD = gnu17;
				GCC_NO_COMMON_BLOCKS = YES;
				GCC_WARN_64_TO_32_BIT_CONVERSION = YES;
				GCC_WARN_ABOUT_RETURN_TYPE = YES_ERROR;
				GCC_WARN_UNDECLARED_SELECTOR = YES;
				GCC_WARN_UNINITIALIZED_AUTOS = YES_AGGRESSIVE;
				GCC_WARN_UNUSED_FUNCTION = YES;
				GCC_WARN_UNUSED_VARIABLE = YES;
				IPHONEOS_DEPLOYMENT_TARGET = 17.2;
				LOCALIZATION_PREFERS_STRING_CATALOGS = YES;
				MTL_ENABLE_DEBUG_INFO = NO;
				MTL_FAST_MATH = YES;
				SDKROOT = iphoneos;
				SWIFT_COMPILATION_MODE = wholemodule;
				VALIDATE_PRODUCT = YES;
			};
			name = Release;
		};
		1156AECE2BF49ADE00D21E1B /* Debug */ = {
			isa = XCBuildConfiguration;
			buildSettings = {
				ASSETCATALOG_COMPILER_APPICON_NAME = AppIcon;
				ASSETCATALOG_COMPILER_GLOBAL_ACCENT_COLOR_NAME = AccentColor;
				CODE_SIGN_STYLE = Automatic;
				CURRENT_PROJECT_VERSION = 1;
				DEVELOPMENT_ASSET_PATHS = "\"ChickCheck/Media/Preview Content\"";
				DEVELOPMENT_TEAM = LSX73KEXNV;
				ENABLE_PREVIEWS = YES;
				GENERATE_INFOPLIST_FILE = YES;
				INFOPLIST_FILE = ChickCheck/Info.plist;
				INFOPLIST_KEY_CFBundleDisplayName = "Chick Check";
				INFOPLIST_KEY_UIApplicationSceneManifest_Generation = YES;
				INFOPLIST_KEY_UIApplicationSupportsIndirectInputEvents = YES;
				INFOPLIST_KEY_UISupportedInterfaceOrientations_iPad = "UIInterfaceOrientationPortrait UIInterfaceOrientationPortraitUpsideDown UIInterfaceOrientationLandscapeLeft UIInterfaceOrientationLandscapeRight";
				INFOPLIST_KEY_UISupportedInterfaceOrientations_iPhone = "UIInterfaceOrientationPortrait UIInterfaceOrientationLandscapeLeft UIInterfaceOrientationLandscapeRight";
				LD_RUNPATH_SEARCH_PATHS = (
					"$(inherited)",
					"@executable_path/Frameworks",
				);
				MARKETING_VERSION = 1.0;
				PRODUCT_BUNDLE_IDENTIFIER = com.weebly.janecek.ChickCheck;
				PRODUCT_NAME = "$(TARGET_NAME)";
				SWIFT_EMIT_LOC_STRINGS = YES;
				SWIFT_VERSION = 5.0;
				TARGETED_DEVICE_FAMILY = "1,2";
			};
			name = Debug;
		};
		1156AECF2BF49ADE00D21E1B /* Release */ = {
			isa = XCBuildConfiguration;
			buildSettings = {
				ASSETCATALOG_COMPILER_APPICON_NAME = AppIcon;
				ASSETCATALOG_COMPILER_GLOBAL_ACCENT_COLOR_NAME = AccentColor;
				CODE_SIGN_STYLE = Automatic;
				CURRENT_PROJECT_VERSION = 1;
				DEVELOPMENT_ASSET_PATHS = "\"ChickCheck/Media/Preview Content\"";
				DEVELOPMENT_TEAM = LSX73KEXNV;
				ENABLE_PREVIEWS = YES;
				GENERATE_INFOPLIST_FILE = YES;
				INFOPLIST_FILE = ChickCheck/Info.plist;
				INFOPLIST_KEY_CFBundleDisplayName = "Chick Check";
				INFOPLIST_KEY_UIApplicationSceneManifest_Generation = YES;
				INFOPLIST_KEY_UIApplicationSupportsIndirectInputEvents = YES;
				INFOPLIST_KEY_UISupportedInterfaceOrientations_iPad = "UIInterfaceOrientationPortrait UIInterfaceOrientationPortraitUpsideDown UIInterfaceOrientationLandscapeLeft UIInterfaceOrientationLandscapeRight";
				INFOPLIST_KEY_UISupportedInterfaceOrientations_iPhone = "UIInterfaceOrientationPortrait UIInterfaceOrientationLandscapeLeft UIInterfaceOrientationLandscapeRight";
				LD_RUNPATH_SEARCH_PATHS = (
					"$(inherited)",
					"@executable_path/Frameworks",
				);
				MARKETING_VERSION = 1.0;
				PRODUCT_BUNDLE_IDENTIFIER = com.weebly.janecek.ChickCheck;
				PRODUCT_NAME = "$(TARGET_NAME)";
				SWIFT_EMIT_LOC_STRINGS = YES;
				SWIFT_VERSION = 5.0;
				TARGETED_DEVICE_FAMILY = "1,2";
			};
			name = Release;
		};
		11A929402C13039100C0E47E /* Debug */ = {
			isa = XCBuildConfiguration;
			buildSettings = {
				BUNDLE_LOADER = "$(TEST_HOST)";
				CODE_SIGN_STYLE = Automatic;
				CURRENT_PROJECT_VERSION = 1;
				DEVELOPMENT_TEAM = LSX73KEXNV;
				GENERATE_INFOPLIST_FILE = YES;
				IPHONEOS_DEPLOYMENT_TARGET = 17.0;
				MARKETING_VERSION = 1.0;
				PRODUCT_BUNDLE_IDENTIFIER = com.weebly.janecek.ChickCheckTests;
				PRODUCT_NAME = "$(TARGET_NAME)";
				SWIFT_EMIT_LOC_STRINGS = NO;
				SWIFT_VERSION = 5.0;
				TARGETED_DEVICE_FAMILY = "1,2";
				TEST_HOST = "$(BUILT_PRODUCTS_DIR)/ChickCheck.app/$(BUNDLE_EXECUTABLE_FOLDER_PATH)/ChickCheck";
			};
			name = Debug;
		};
		11A929412C13039100C0E47E /* Release */ = {
			isa = XCBuildConfiguration;
			buildSettings = {
				BUNDLE_LOADER = "$(TEST_HOST)";
				CODE_SIGN_STYLE = Automatic;
				CURRENT_PROJECT_VERSION = 1;
				DEVELOPMENT_TEAM = LSX73KEXNV;
				GENERATE_INFOPLIST_FILE = YES;
				IPHONEOS_DEPLOYMENT_TARGET = 17.0;
				MARKETING_VERSION = 1.0;
				PRODUCT_BUNDLE_IDENTIFIER = com.weebly.janecek.ChickCheckTests;
				PRODUCT_NAME = "$(TARGET_NAME)";
				SWIFT_EMIT_LOC_STRINGS = NO;
				SWIFT_VERSION = 5.0;
				TARGETED_DEVICE_FAMILY = "1,2";
				TEST_HOST = "$(BUILT_PRODUCTS_DIR)/ChickCheck.app/$(BUNDLE_EXECUTABLE_FOLDER_PATH)/ChickCheck";
			};
			name = Release;
		};
/* End XCBuildConfiguration section */

/* Begin XCConfigurationList section */
		1156AEBA2BF49ADD00D21E1B /* Build configuration list for PBXProject "ChickCheck" */ = {
			isa = XCConfigurationList;
			buildConfigurations = (
				1156AECB2BF49ADE00D21E1B /* Debug */,
				1156AECC2BF49ADE00D21E1B /* Release */,
			);
			defaultConfigurationIsVisible = 0;
			defaultConfigurationName = Release;
		};
		1156AECD2BF49ADE00D21E1B /* Build configuration list for PBXNativeTarget "ChickCheck" */ = {
			isa = XCConfigurationList;
			buildConfigurations = (
				1156AECE2BF49ADE00D21E1B /* Debug */,
				1156AECF2BF49ADE00D21E1B /* Release */,
			);
			defaultConfigurationIsVisible = 0;
			defaultConfigurationName = Release;
		};
		11A929422C13039100C0E47E /* Build configuration list for PBXNativeTarget "ChickCheckTests" */ = {
			isa = XCConfigurationList;
			buildConfigurations = (
				11A929402C13039100C0E47E /* Debug */,
				11A929412C13039100C0E47E /* Release */,
			);
			defaultConfigurationIsVisible = 0;
			defaultConfigurationName = Release;
		};
/* End XCConfigurationList section */
	};
	rootObject = 1156AEB72BF49ADD00D21E1B /* Project object */;
}
